
Microsoft Visual Studio Solution File, Format Version 12.00
# Visual Studio Version 16
VisualStudioVersion = 16.0.30114.105
MinimumVisualStudioVersion = 10.0.40219.1
Project("{2150E333-8FDC-42A3-9474-1A3956D46DE8}") = "src", "src", "{73B853F7-42BA-45D8-8B5F-32FD8BB1D9DD}"
EndProject
Project("{F2A71F9B-5D33-465A-A702-920D77279786}") = "Nacara.Core", "src\Nacara.Core\Nacara.Core.fsproj", "{EA2D1C6A-99E8-41F3-9F4A-FB07625468EB}"
EndProject
Project("{2150E333-8FDC-42A3-9474-1A3956D46DE8}") = "Nacara", "Nacara", "{F691D4BF-6A44-4F45-A48D-08AD74C35812}"
EndProject
Project("{F2A71F9B-5D33-465A-A702-920D77279786}") = "Nacara", "src\Nacara\Source\Nacara.fsproj", "{10DD2ED4-7B72-4AA4-B0C8-9E9CB9DCFF15}"
EndProject
Project("{2150E333-8FDC-42A3-9474-1A3956D46DE8}") = "Nacara.Layout.Standard", "Nacara.Layout.Standard", "{D9CBA35D-81C4-4ACA-BA26-2EF0E10AFECD}"
EndProject
Project("{F2A71F9B-5D33-465A-A702-920D77279786}") = "Nacara.Layouts.Standard", "src\Nacara.Layout.Standard\Source\Nacara.Layouts.Standard.fsproj", "{B0BF4209-1F8A-4041-99AA-2FB092E1A596}"
EndProject
Project("{2150E333-8FDC-42A3-9474-1A3956D46DE8}") = "Nacara.ApiGen", "Nacara.ApiGen", "{A92658AE-2EE4-4B0D-96A5-915A1ACDCB21}"
EndProject
Project("{F2A71F9B-5D33-465A-A702-920D77279786}") = "Nacara.ApiGen", "src\Nacara.ApiGen\Source\Nacara.ApiGen.fsproj", "{47F5787A-ED21-435A-B01C-48FD6CE092DB}"
EndProject
Project("{F2A71F9B-5D33-465A-A702-920D77279786}") = "Nacara.ApiGen.Tests", "src\Nacara.ApiGen\Tests\Nacara.ApiGen.Tests.fsproj", "{7DAA7671-A915-408E-B412-73B3A516E626}"
EndProject
Global
	GlobalSection(SolutionConfigurationPlatforms) = preSolution
		Debug|Any CPU = Debug|Any CPU
		Debug|x64 = Debug|x64
		Debug|x86 = Debug|x86
		Release|Any CPU = Release|Any CPU
		Release|x64 = Release|x64
		Release|x86 = Release|x86
	EndGlobalSection
	GlobalSection(SolutionProperties) = preSolution
		HideSolutionNode = FALSE
	EndGlobalSection
	GlobalSection(ProjectConfigurationPlatforms) = postSolution
		{EA2D1C6A-99E8-41F3-9F4A-FB07625468EB}.Debug|Any CPU.ActiveCfg = Debug|Any CPU
		{EA2D1C6A-99E8-41F3-9F4A-FB07625468EB}.Debug|Any CPU.Build.0 = Debug|Any CPU
		{EA2D1C6A-99E8-41F3-9F4A-FB07625468EB}.Debug|x64.ActiveCfg = Debug|Any CPU
		{EA2D1C6A-99E8-41F3-9F4A-FB07625468EB}.Debug|x64.Build.0 = Debug|Any CPU
		{EA2D1C6A-99E8-41F3-9F4A-FB07625468EB}.Debug|x86.ActiveCfg = Debug|Any CPU
		{EA2D1C6A-99E8-41F3-9F4A-FB07625468EB}.Debug|x86.Build.0 = Debug|Any CPU
		{EA2D1C6A-99E8-41F3-9F4A-FB07625468EB}.Release|Any CPU.ActiveCfg = Release|Any CPU
		{EA2D1C6A-99E8-41F3-9F4A-FB07625468EB}.Release|Any CPU.Build.0 = Release|Any CPU
		{EA2D1C6A-99E8-41F3-9F4A-FB07625468EB}.Release|x64.ActiveCfg = Release|Any CPU
		{EA2D1C6A-99E8-41F3-9F4A-FB07625468EB}.Release|x64.Build.0 = Release|Any CPU
		{EA2D1C6A-99E8-41F3-9F4A-FB07625468EB}.Release|x86.ActiveCfg = Release|Any CPU
		{EA2D1C6A-99E8-41F3-9F4A-FB07625468EB}.Release|x86.Build.0 = Release|Any CPU
		{10DD2ED4-7B72-4AA4-B0C8-9E9CB9DCFF15}.Debug|Any CPU.ActiveCfg = Debug|Any CPU
		{10DD2ED4-7B72-4AA4-B0C8-9E9CB9DCFF15}.Debug|Any CPU.Build.0 = Debug|Any CPU
		{10DD2ED4-7B72-4AA4-B0C8-9E9CB9DCFF15}.Debug|x64.ActiveCfg = Debug|Any CPU
		{10DD2ED4-7B72-4AA4-B0C8-9E9CB9DCFF15}.Debug|x64.Build.0 = Debug|Any CPU
		{10DD2ED4-7B72-4AA4-B0C8-9E9CB9DCFF15}.Debug|x86.ActiveCfg = Debug|Any CPU
		{10DD2ED4-7B72-4AA4-B0C8-9E9CB9DCFF15}.Debug|x86.Build.0 = Debug|Any CPU
		{10DD2ED4-7B72-4AA4-B0C8-9E9CB9DCFF15}.Release|Any CPU.ActiveCfg = Release|Any CPU
		{10DD2ED4-7B72-4AA4-B0C8-9E9CB9DCFF15}.Release|Any CPU.Build.0 = Release|Any CPU
		{10DD2ED4-7B72-4AA4-B0C8-9E9CB9DCFF15}.Release|x64.ActiveCfg = Release|Any CPU
		{10DD2ED4-7B72-4AA4-B0C8-9E9CB9DCFF15}.Release|x64.Build.0 = Release|Any CPU
		{10DD2ED4-7B72-4AA4-B0C8-9E9CB9DCFF15}.Release|x86.ActiveCfg = Release|Any CPU
		{10DD2ED4-7B72-4AA4-B0C8-9E9CB9DCFF15}.Release|x86.Build.0 = Release|Any CPU
		{B0BF4209-1F8A-4041-99AA-2FB092E1A596}.Debug|Any CPU.ActiveCfg = Debug|Any CPU
		{B0BF4209-1F8A-4041-99AA-2FB092E1A596}.Debug|Any CPU.Build.0 = Debug|Any CPU
		{B0BF4209-1F8A-4041-99AA-2FB092E1A596}.Debug|x64.ActiveCfg = Debug|Any CPU
		{B0BF4209-1F8A-4041-99AA-2FB092E1A596}.Debug|x64.Build.0 = Debug|Any CPU
		{B0BF4209-1F8A-4041-99AA-2FB092E1A596}.Debug|x86.ActiveCfg = Debug|Any CPU
		{B0BF4209-1F8A-4041-99AA-2FB092E1A596}.Debug|x86.Build.0 = Debug|Any CPU
		{B0BF4209-1F8A-4041-99AA-2FB092E1A596}.Release|Any CPU.ActiveCfg = Release|Any CPU
		{B0BF4209-1F8A-4041-99AA-2FB092E1A596}.Release|Any CPU.Build.0 = Release|Any CPU
		{B0BF4209-1F8A-4041-99AA-2FB092E1A596}.Release|x64.ActiveCfg = Release|Any CPU
		{B0BF4209-1F8A-4041-99AA-2FB092E1A596}.Release|x64.Build.0 = Release|Any CPU
		{B0BF4209-1F8A-4041-99AA-2FB092E1A596}.Release|x86.ActiveCfg = Release|Any CPU
		{B0BF4209-1F8A-4041-99AA-2FB092E1A596}.Release|x86.Build.0 = Release|Any CPU
		{47F5787A-ED21-435A-B01C-48FD6CE092DB}.Debug|Any CPU.ActiveCfg = Debug|Any CPU
		{47F5787A-ED21-435A-B01C-48FD6CE092DB}.Debug|Any CPU.Build.0 = Debug|Any CPU
		{47F5787A-ED21-435A-B01C-48FD6CE092DB}.Debug|x64.ActiveCfg = Debug|Any CPU
		{47F5787A-ED21-435A-B01C-48FD6CE092DB}.Debug|x64.Build.0 = Debug|Any CPU
		{47F5787A-ED21-435A-B01C-48FD6CE092DB}.Debug|x86.ActiveCfg = Debug|Any CPU
		{47F5787A-ED21-435A-B01C-48FD6CE092DB}.Debug|x86.Build.0 = Debug|Any CPU
		{47F5787A-ED21-435A-B01C-48FD6CE092DB}.Release|Any CPU.ActiveCfg = Release|Any CPU
		{47F5787A-ED21-435A-B01C-48FD6CE092DB}.Release|Any CPU.Build.0 = Release|Any CPU
		{47F5787A-ED21-435A-B01C-48FD6CE092DB}.Release|x64.ActiveCfg = Release|Any CPU
		{47F5787A-ED21-435A-B01C-48FD6CE092DB}.Release|x64.Build.0 = Release|Any CPU
		{47F5787A-ED21-435A-B01C-48FD6CE092DB}.Release|x86.ActiveCfg = Release|Any CPU
		{47F5787A-ED21-435A-B01C-48FD6CE092DB}.Release|x86.Build.0 = Release|Any CPU
		{7DAA7671-A915-408E-B412-73B3A516E626}.Debug|Any CPU.ActiveCfg = Debug|Any CPU
		{7DAA7671-A915-408E-B412-73B3A516E626}.Debug|Any CPU.Build.0 = Debug|Any CPU
		{7DAA7671-A915-408E-B412-73B3A516E626}.Debug|x64.ActiveCfg = Debug|Any CPU
		{7DAA7671-A915-408E-B412-73B3A516E626}.Debug|x64.Build.0 = Debug|Any CPU
		{7DAA7671-A915-408E-B412-73B3A516E626}.Debug|x86.ActiveCfg = Debug|Any CPU
		{7DAA7671-A915-408E-B412-73B3A516E626}.Debug|x86.Build.0 = Debug|Any CPU
		{7DAA7671-A915-408E-B412-73B3A516E626}.Release|Any CPU.ActiveCfg = Release|Any CPU
		{7DAA7671-A915-408E-B412-73B3A516E626}.Release|Any CPU.Build.0 = Release|Any CPU
		{7DAA7671-A915-408E-B412-73B3A516E626}.Release|x64.ActiveCfg = Release|Any CPU
		{7DAA7671-A915-408E-B412-73B3A516E626}.Release|x64.Build.0 = Release|Any CPU
		{7DAA7671-A915-408E-B412-73B3A516E626}.Release|x86.ActiveCfg = Release|Any CPU
		{7DAA7671-A915-408E-B412-73B3A516E626}.Release|x86.Build.0 = Release|Any CPU
	EndGlobalSection
	GlobalSection(NestedProjects) = preSolution
		{EA2D1C6A-99E8-41F3-9F4A-FB07625468EB} = {73B853F7-42BA-45D8-8B5F-32FD8BB1D9DD}
		{F691D4BF-6A44-4F45-A48D-08AD74C35812} = {73B853F7-42BA-45D8-8B5F-32FD8BB1D9DD}
		{10DD2ED4-7B72-4AA4-B0C8-9E9CB9DCFF15} = {F691D4BF-6A44-4F45-A48D-08AD74C35812}
		{D9CBA35D-81C4-4ACA-BA26-2EF0E10AFECD} = {73B853F7-42BA-45D8-8B5F-32FD8BB1D9DD}
		{B0BF4209-1F8A-4041-99AA-2FB092E1A596} = {D9CBA35D-81C4-4ACA-BA26-2EF0E10AFECD}
		{A92658AE-2EE4-4B0D-96A5-915A1ACDCB21} = {73B853F7-42BA-45D8-8B5F-32FD8BB1D9DD}
		{47F5787A-ED21-435A-B01C-48FD6CE092DB} = {A92658AE-2EE4-4B0D-96A5-915A1ACDCB21}
		{7DAA7671-A915-408E-B412-73B3A516E626} = {A92658AE-2EE4-4B0D-96A5-915A1ACDCB21}
	EndGlobalSection
EndGlobal
