
Microsoft Visual Studio Solution File, Format Version 12.00
# Visual Studio Version 16
VisualStudioVersion = 16.6.30114.105
MinimumVisualStudioVersion = 10.0.40219.1
Project("{2150E333-8FDC-42A3-9474-1A3956D46DE8}") = "src", "src", "{89085B01-FF82-4B49-B692-C7460910860E}"
EndProject
Project("{2150E333-8FDC-42A3-9474-1A3956D46DE8}") = "Nacara", "Nacara", "{0B7AA176-0874-4B3D-94F6-F54C897CD38A}"
EndProject
Project("{F2A71F9B-5D33-465A-A702-920D77279786}") = "Nacara", "src\Nacara\Source\Nacara.fsproj", "{86FB003F-42B6-47E8-BA90-EBF3598533EE}"
EndProject
Project("{2150E333-8FDC-42A3-9474-1A3956D46DE8}") = "Layouts", "Layouts", "{A1194C14-D411-42A2-BFBC-5598DEC56894}"
EndProject
Project("{F2A71F9B-5D33-465A-A702-920D77279786}") = "Nacara.Layouts.Standard", "src\Layouts\Standard\Nacara.Layouts.Standard.fsproj", "{0E7B35BB-7BC9-4419-8799-64C4E4514375}"
EndProject
Global
	GlobalSection(SolutionConfigurationPlatforms) = preSolution
		Debug|Any CPU = Debug|Any CPU
		Debug|x64 = Debug|x64
		Debug|x86 = Debug|x86
		Release|Any CPU = Release|Any CPU
		Release|x64 = Release|x64
		Release|x86 = Release|x86
	EndGlobalSection
	GlobalSection(SolutionProperties) = preSolution
		HideSolutionNode = FALSE
	EndGlobalSection
	GlobalSection(ProjectConfigurationPlatforms) = postSolution
		{86FB003F-42B6-47E8-BA90-EBF3598533EE}.Debug|Any CPU.ActiveCfg = Debug|Any CPU
		{86FB003F-42B6-47E8-BA90-EBF3598533EE}.Debug|Any CPU.Build.0 = Debug|Any CPU
		{86FB003F-42B6-47E8-BA90-EBF3598533EE}.Debug|x64.ActiveCfg = Debug|Any CPU
		{86FB003F-42B6-47E8-BA90-EBF3598533EE}.Debug|x64.Build.0 = Debug|Any CPU
		{86FB003F-42B6-47E8-BA90-EBF3598533EE}.Debug|x86.ActiveCfg = Debug|Any CPU
		{86FB003F-42B6-47E8-BA90-EBF3598533EE}.Debug|x86.Build.0 = Debug|Any CPU
		{86FB003F-42B6-47E8-BA90-EBF3598533EE}.Release|Any CPU.ActiveCfg = Release|Any CPU
		{86FB003F-42B6-47E8-BA90-EBF3598533EE}.Release|Any CPU.Build.0 = Release|Any CPU
		{86FB003F-42B6-47E8-BA90-EBF3598533EE}.Release|x64.ActiveCfg = Release|Any CPU
		{86FB003F-42B6-47E8-BA90-EBF3598533EE}.Release|x64.Build.0 = Release|Any CPU
		{86FB003F-42B6-47E8-BA90-EBF3598533EE}.Release|x86.ActiveCfg = Release|Any CPU
		{86FB003F-42B6-47E8-BA90-EBF3598533EE}.Release|x86.Build.0 = Release|Any CPU
		{0E7B35BB-7BC9-4419-8799-64C4E4514375}.Debug|Any CPU.ActiveCfg = Debug|Any CPU
		{0E7B35BB-7BC9-4419-8799-64C4E4514375}.Debug|Any CPU.Build.0 = Debug|Any CPU
		{0E7B35BB-7BC9-4419-8799-64C4E4514375}.Debug|x64.ActiveCfg = Debug|Any CPU
		{0E7B35BB-7BC9-4419-8799-64C4E4514375}.Debug|x64.Build.0 = Debug|Any CPU
		{0E7B35BB-7BC9-4419-8799-64C4E4514375}.Debug|x86.ActiveCfg = Debug|Any CPU
		{0E7B35BB-7BC9-4419-8799-64C4E4514375}.Debug|x86.Build.0 = Debug|Any CPU
		{0E7B35BB-7BC9-4419-8799-64C4E4514375}.Release|Any CPU.ActiveCfg = Release|Any CPU
		{0E7B35BB-7BC9-4419-8799-64C4E4514375}.Release|Any CPU.Build.0 = Release|Any CPU
		{0E7B35BB-7BC9-4419-8799-64C4E4514375}.Release|x64.ActiveCfg = Release|Any CPU
		{0E7B35BB-7BC9-4419-8799-64C4E4514375}.Release|x64.Build.0 = Release|Any CPU
		{0E7B35BB-7BC9-4419-8799-64C4E4514375}.Release|x86.ActiveCfg = Release|Any CPU
		{0E7B35BB-7BC9-4419-8799-64C4E4514375}.Release|x86.Build.0 = Release|Any CPU
	EndGlobalSection
	GlobalSection(NestedProjects) = preSolution
		{0B7AA176-0874-4B3D-94F6-F54C897CD38A} = {89085B01-FF82-4B49-B692-C7460910860E}
		{86FB003F-42B6-47E8-BA90-EBF3598533EE} = {0B7AA176-0874-4B3D-94F6-F54C897CD38A}
		{A1194C14-D411-42A2-BFBC-5598DEC56894} = {89085B01-FF82-4B49-B692-C7460910860E}
		{0E7B35BB-7BC9-4419-8799-64C4E4514375} = {A1194C14-D411-42A2-BFBC-5598DEC56894}
	EndGlobalSection
EndGlobal
