{
  "version": 2,
  "dependencies": {
    "net10.0": {
      "EasyBuild.PackageReleaseNotes.Tasks": {
        "type": "Direct",
        "requested": "[2.1.0, )",
        "resolved": "2.1.0",
        "contentHash": "1hMVtdIKNfHZA2Zw7L33Y1ZL/3DTK4NSy5gDaNfy2Emp753QxZoqNAPGNxv9MViqfpM62HwEIFZkUW4dCToHVg=="
      },
      "FSharp.Core": {
        "type": "Direct",
        "requested": "[10.1.300, )",
        "resolved": "10.1.300",
        "contentHash": "BACHDBo/KL615GifW2wGB8vw3HLraCJb77VN/XVmQZPceNw+Oc+J+McehOo2yHtcr7hABmW4EqZZzVYiR1Z1EQ=="
      },
      "Thoth.Json.Core": {
        "type": "Direct",
        "requested": "[0.9.1, )",
        "resolved": "0.9.1",
        "contentHash": "SutN30fiRfeKyGv9TEaze9L5/4ikkiqz37tlM8DyS3qhyB/7UgXeKV6D1boMKNh4phSvL031mQipSU+C27Vx0A==",
        "dependencies": {
          "FSharp.Core": "10.1.203"
        }
      },
      "Thoth.Json.System.Text.Json": {
        "type": "Direct",
        "requested": "[0.4.0, )",
        "resolved": "0.4.0",
        "contentHash": "HTnGXeo2Q9E4lBO5yeEZMrL86lfqe6Nk6kezKc9Nw//bfPc612qnrxPAwDM6ZAdTBR0/xsuP/P0mB1isi66kEA==",
        "dependencies": {
          "FSharp.Core": "10.1.203",
          "Thoth.Json.Core": "0.9.1"
        }
      },
      "nacara.core": {
        "type": "Project",
        "dependencies": {
          "FSharp.Core": "[10.1.300, )",
          "Feliz.ViewEngine": "[1.0.3, )",
          "Microsoft.Extensions.FileSystemGlobbing": "[10.0.11, )",
          "YamlDotNet": "[18.1.0, )"
        }
      },
      "nacara.plugin.highlight.treesitter": {
        "type": "Project",
        "dependencies": {
          "FSharp.Core": "[10.1.300, )",
          "Nacara.Core": "[1.0.0, )"
        }
      },
      "Feliz.ViewEngine": {
        "type": "CentralTransitive",
        "requested": "[1.0.3, )",
        "resolved": "1.0.3",
        "contentHash": "962ikmdW9oKmB4p6BJLM75D5SQJHFB+DmIUeKmHwoP1uZaXbvsXbQKQFi5slzGGUvOP8L3TYhRex6QVJri0Zjw==",
        "dependencies": {
          "Fsharp.Core": "4.7.0"
        }
      },
      "Microsoft.Extensions.FileSystemGlobbing": {
        "type": "CentralTransitive",
        "requested": "[10.0.11, )",
        "resolved": "10.0.11",
        "contentHash": "2i6rtW/B5rCnWCnhdmWWEmaM9O0HD0zsPY9eRqa++y4tclI3Uw8zvGbBvhY/LjAdtf8gUHhUPcAWj3DRlWMXmQ=="
      },
      "YamlDotNet": {
        "type": "CentralTransitive",
        "requested": "[18.1.0, )",
        "resolved": "18.1.0",
        "contentHash": "5K+9KFg2TdTl7VXv88Qzi/0lqK6JFoNP3lRuImPYGRV7K/QYklDyTrj4+A+KAki1JsQi6qKY+hDyY7d6WRqjrw=="
      }
    }
  }
}