{
  "version": 1,
  "dependencies": {
    ".NETStandard,Version=v2.0": {
      "Fable.Core": {
        "type": "Direct",
        "requested": "[3.2.7, )",
        "resolved": "3.2.7",
        "contentHash": "XYvisWEqzYap+9USQGRyI4F9DmZY5EE3STMiwnvlSrwoqHmZRPHyQR3Rp2oGv/mpzNy7PViKdgCiKC/eviG2Ng==",
        "dependencies": {
          "FSharp.Core": "4.7.2"
        }
      },
      "Fable.Date": {
        "type": "Direct",
        "requested": "[1.0.0, )",
        "resolved": "1.0.0",
        "contentHash": "zQ1SV3wBGsFa26oosBDKyK36Q5z01kaEUVxFZFTvcQKDhRmev02ZiEmTQPnIIRA1XEE5EZO0AxWQF6GWvPyy2A==",
        "dependencies": {
          "FSharp.Core": "4.5.2",
          "Fable.Core": "2.0.2"
        }
      },
      "Fable.FontAwesome": {
        "type": "Direct",
        "requested": "[2.0.0, )",
        "resolved": "2.0.0",
        "contentHash": "UUa9RaS2ZQy6W7+fVhvGy2fl9iVttvDlZovtFr25BOWxCw5aWiXCIn6QraL8rrcIwlCLJzMT3kx5qk9nMtcWVA==",
        "dependencies": {
          "Fable.Core": "3.0.0",
          "Fable.React": "5.1.0"
        }
      },
      "Fable.FontAwesome.Free": {
        "type": "Direct",
        "requested": "[2.1.0, )",
        "resolved": "2.1.0",
        "contentHash": "vDqLIOrEHO+XGXr3WKaUEkbvO9ZLASUSHowAKPxPpdev23xLeTilOBNHMR9HSV0w9kLEgRIDnr4AhtQ6efGX0A==",
        "dependencies": {
          "Fable.Core": "3.0.0",
          "Fable.FontAwesome": "2.0.0",
          "Fable.React": "5.1.0"
        }
      },
      "Fable.Node": {
        "type": "Direct",
        "requested": "[1.2.0, )",
        "resolved": "1.2.0",
        "contentHash": "FVUFFcryE6pldYopULB+mpRtE6cmlG1evvVE9wDB0O8JKWLGrStHmNF4fqn7cyN1j2ufsvlPcw88PqoCt2OGuQ==",
        "dependencies": {
          "FSharp.Core": "5.0.0",
          "Fable.Core": "3.1.2"
        }
      },
      "Fable.Promise": {
        "type": "Direct",
        "requested": "[2.2.0, )",
        "resolved": "2.2.0",
        "contentHash": "NudbsTw9q21vsgdzW/w8svYCodZHPsSIObNYqHMFb8VASV4n6jiVNfq7svvbHtYP1jsVTaDzlfegDstSuHs+qA==",
        "dependencies": {
          "FSharp.Core": "5.0.0",
          "Fable.Core": "3.1.5"
        }
      },
      "Fable.React": {
        "type": "Direct",
        "requested": "[7.4.0, )",
        "resolved": "7.4.0",
        "contentHash": "YCubSthKJ5CSKJs28WQC6DYiksdLdPD//aIxHqKUkYY3fS0qOHz0nEk5klalXSz6owk91Mnq9SnwccIpe4xD/A==",
        "dependencies": {
          "FSharp.Core": "4.7.2",
          "Fable.Browser.Dom": "2.0.1",
          "Fable.Core": "3.1.5"
        }
      },
      "Feliz.Bulma": {
        "type": "Direct",
        "requested": "[2.15.0, )",
        "resolved": "2.15.0",
        "contentHash": "xJLpi5/kmDrcq7ICAC2LO5QQ858l7XChCrXFugtol8Su9qkCo1uwbcc7eiN+IApYKtvQ5YBhpo4S/O3Gs3dpJQ==",
        "dependencies": {
          "FSharp.Core": "5.0.0",
          "Feliz": "1.32.0"
        }
      },
      "FSharp.Core": {
        "type": "Direct",
        "requested": "[5.0.0, )",
        "resolved": "5.0.0",
        "contentHash": "iHoYXA0VaSQUONGENB1aVafjDDZDZpwu39MtaRCTrmwFW/cTcK0b2yKNVYneFHJMc3ChtsSoM9lNtJ1dYXkHfA=="
      },
      "Fulma": {
        "type": "Direct",
        "requested": "[2.10.1, )",
        "resolved": "2.10.1",
        "contentHash": "L8UjzuHXD11cnoKzpiog5MMQz81uR1B70lnyfKyNbvZlf6PePmmVy1QVFsZuwJ6Utc2COno15Nh51wKvTYIQGg==",
        "dependencies": {
          "Fable.Core": "3.0.0",
          "Fable.React": "5.1.0"
        }
      },
      "NETStandard.Library": {
        "type": "Direct",
        "requested": "[2.0.3, )",
        "resolved": "2.0.3",
        "contentHash": "st47PosZSHrjECdjeIzZQbzivYBJFv6P2nv4cj2ypdI204DO+vZ7l5raGMiX4eXMJ53RfOIg+/s4DHVZ54Nu2A==",
        "dependencies": {
          "Microsoft.NETCore.Platforms": "1.1.0"
        }
      },
      "Thoth.Json": {
        "type": "Direct",
        "requested": "[5.1.0, )",
        "resolved": "5.1.0",
        "contentHash": "qE/4oEwH6wfxiK5EUT1RYImILizDVyWVXFJbcRjdd62CycVqd9stAnYQhVrU3Euq1LeC4Xgm58w7zDc+KSglYg==",
        "dependencies": {
          "FSharp.Core": "4.7.2",
          "Fable.Core": "3.1.6"
        }
      },
      "Fable.AST": {
        "type": "Transitive",
        "resolved": "3.0.0",
        "contentHash": "ZOdBEEBln959E+F7vGim1zvf80iJAFWtH/hAcQRAU9aCs/8ZGf/kWk7TdlW0xuRK50dvALgWZKJc0Hd/2OP0XA=="
      },
      "Fable.Browser.Blob": {
        "type": "Transitive",
        "resolved": "1.1.0",
        "contentHash": "xMX7hPFwBUGuj75xLlH6VsVThZjRlGW4zOqXb1X+byRPLSBE91vtn9EueNUB+YpGhE9LfrtakIPNGy+dkoMkjg==",
        "dependencies": {
          "FSharp.Core": "4.6.2",
          "Fable.Core": "3.0.0"
        }
      },
      "Fable.Browser.Dom": {
        "type": "Transitive",
        "resolved": "2.0.1",
        "contentHash": "1ajwxasfdbeFeh8OsgiuAScMZuWQkZpWHwZRi0J265nD0YMo4hqItX9/fmCwLnwln1OWbpbgpnZCDfwnhcR75A==",
        "dependencies": {
          "FSharp.Core": "4.7.0",
          "Fable.Browser.Blob": "1.1.0",
          "Fable.Browser.Event": "1.2.1",
          "Fable.Browser.WebStorage": "1.0.0",
          "Fable.Core": "3.0.0"
        }
      },
      "Fable.Browser.Event": {
        "type": "Transitive",
        "resolved": "1.2.1",
        "contentHash": "cK8rajjSCe1b3iFzC5sN4v8hTqUq9CpferJsYQOec0BCh9rKqPKk1xT34j/Afs0/+LJLgcmZjzqtgcyk5yhvzw==",
        "dependencies": {
          "FSharp.Core": "4.7.0",
          "Fable.Core": "3.0.0"
        }
      },
      "Fable.Browser.WebStorage": {
        "type": "Transitive",
        "resolved": "1.0.0",
        "contentHash": "ZqnZKYkhPO+wmJPxQqtiwSc3zCC/mB37SPlVi4ZLiHoPFnra7SQ3qaRn4/ENYTeaVtVq92eVaYbTyAOnFn+GPA==",
        "dependencies": {
          "FSharp.Core": "4.5.2",
          "Fable.Browser.Event": "1.0.0",
          "Fable.Core": "3.0.0"
        }
      },
      "Feliz": {
        "type": "Transitive",
        "resolved": "1.32.0",
        "contentHash": "pG8APUSS+YbW6zgjKuBqapr/7YCLvaVxD3/Vzr8GuhvZddNZ3toxV3sgR20tIVlOzfvdXwZzWE/imUncDYeFDw==",
        "dependencies": {
          "FSharp.Core": "4.7.2",
          "Fable.Core": "3.1.5",
          "Fable.React": "7.0.1",
          "Feliz.CompilerPlugins": "1.2.0"
        }
      },
      "Feliz.CompilerPlugins": {
        "type": "Transitive",
        "resolved": "1.2.0",
        "contentHash": "GKaNZ8Ht7WVMuUXjIC50IkrqHjdccV9Yg67WUm9BJCeIL0GLcnzfQ8veKAKa7FvCz8X8rENqdGMdfJE9ReGWVw==",
        "dependencies": {
          "FSharp.Core": "4.7.2",
          "Fable.AST": "3.0.0"
        }
      },
      "Microsoft.NETCore.Platforms": {
        "type": "Transitive",
        "resolved": "1.1.0",
        "contentHash": "kz0PEW2lhqygehI/d6XsPCQzD7ff7gUJaVGPVETX611eadGsA3A877GdSlU0LRVMCTH/+P3o2iDTak+S08V2+A=="
      }
    }
  }
}